github.com/dece2183/hexowl v1.4.0 h1:Pfw3CSZrEHoH+m6DXmlGBbPiUlBIrO9kFFL92k8VY6Y=
github.com/dece2183/hexowl v1.4.0/go.mod h1:Z/Fl1dlA//Z4krGKRdQiYpm7n1s/C/H96ELZPftIs0s=
github.com/dece2183/hexowl v1.4.1 h1:WzyEUv2SoiejvYEJ6u/tXpoe/6AVtCFsyg1Ul5DeZAg=
github.com/dece2183/hexowl v1.4.1/go.mod h1:Z/Fl1dlA//Z4krGKRdQiYpm7n1s/C/H96ELZPftIs0s=
github.com/dece2183/hexowl v1.4.2-0.20241003173927-7324b097ec00 h1:Q96wVqf+M8I7XRCD5geAeoVwASvK55G+gxQfmoGHFZQ=
github.com/dece2183/hexowl v1.4.2-0.20241003173927-7324b097ec00/go.mod h1:Z/Fl1dlA//Z4krGKRdQiYpm7n1s/C/H96ELZPftIs0s=
